// !$*UTF8*$!
{
	archiveVersion = 1;
	classes = {
	};
	objectVersion = 55;
	objects = {

/* Begin PBXBuildFile section */
		8F002116A8FCE5AE29519D83 /* Pods_OPGGCopy.framework in Frameworks */ = {isa = PBXBuildFile; fileRef = B4FC179623A7914105EE5D08 /* Pods_OPGGCopy.framework */; };
		E05164BA28B7660000E5120D /* PreviousSeasonsViewModel.swift in Sources */ = {isa = PBXBuildFile; fileRef = E05164A928B7660000E5120D /* PreviousSeasonsViewModel.swift */; };
		E05164BB28B7660000E5120D /* PreviousSeasonsView.swift in Sources */ = {isa = PBXBuildFile; fileRef = E05164AA28B7660000E5120D /* PreviousSeasonsView.swift */; };
		E05164BC28B7660000E5120D /* PreviousSeasonsItemViewModel.swift in Sources */ = {isa = PBXBuildFile; fileRef = E05164AC28B7660000E5120D /* PreviousSeasonsItemViewModel.swift */; };
		E05164BD28B7660000E5120D /* PreviousSeasonsItemView.swift in Sources */ = {isa = PBXBuildFile; fileRef = E05164AD28B7660000E5120D /* PreviousSeasonsItemView.swift */; };
		E05164BE28B7660000E5120D /* DetailTopViewModel.swift in Sources */ = {isa = PBXBuildFile; fileRef = E05164AF28B7660000E5120D /* DetailTopViewModel.swift */; };
		E05164BF28B7660000E5120D /* DetailTopView.swift in Sources */ = {isa = PBXBuildFile; fileRef = E05164B028B7660000E5120D /* DetailTopView.swift */; };
		E05164C028B7660000E5120D /* SummonerInfoView.swift in Sources */ = {isa = PBXBuildFile; fileRef = E05164B228B7660000E5120D /* SummonerInfoView.swift */; };
		E05164C128B7660000E5120D /* DetailTopButtons.swift in Sources */ = {isa = PBXBuildFile; fileRef = E05164B328B7660000E5120D /* DetailTopButtons.swift */; };
		E05164C228B7660000E5120D /* LeagueStatsViewModel.swift in Sources */ = {isa = PBXBuildFile; fileRef = E05164B528B7660000E5120D /* LeagueStatsViewModel.swift */; };
		E05164C328B7660000E5120D /* LeagueStatsView.swift in Sources */ = {isa = PBXBuildFile; fileRef = E05164B628B7660000E5120D /* LeagueStatsView.swift */; };
		E05164C428B7660000E5120D /* LeagueStatsItemViewModel.swift in Sources */ = {isa = PBXBuildFile; fileRef = E05164B828B7660000E5120D /* LeagueStatsItemViewModel.swift */; };
		E05164C528B7660000E5120D /* LeagueStatsItemView.swift in Sources */ = {isa = PBXBuildFile; fileRef = E05164B928B7660000E5120D /* LeagueStatsItemView.swift */; };
		E05164D428B766A400E5120D /* MostChampionView.swift in Sources */ = {isa = PBXBuildFile; fileRef = E05164D228B766A400E5120D /* MostChampionView.swift */; };
		E05164D528B766A400E5120D /* MostChampionViewModel.swift in Sources */ = {isa = PBXBuildFile; fileRef = E05164D328B766A400E5120D /* MostChampionViewModel.swift */; };
		E05164D728B769B000E5120D /* ChampionData.swift in Sources */ = {isa = PBXBuildFile; fileRef = E05164D628B769B000E5120D /* ChampionData.swift */; };
		E0A2E88028B4C13A001F7D46 /* TierImageData.swift in Sources */ = {isa = PBXBuildFile; fileRef = E0A2E87F28B4C13A001F7D46 /* TierImageData.swift */; };
		E0A2E88428B4CBED001F7D46 /* WinRate.swift in Sources */ = {isa = PBXBuildFile; fileRef = E0A2E88328B4CBED001F7D46 /* WinRate.swift */; };
		E0A2E88828B595A0001F7D46 /* CustomNavigationView.swift in Sources */ = {isa = PBXBuildFile; fileRef = E0A2E88728B595A0001F7D46 /* CustomNavigationView.swift */; };
		E0A2E88A28B5CF6E001F7D46 /* SearchSummonerListViewModel.swift in Sources */ = {isa = PBXBuildFile; fileRef = E0A2E88928B5CF6E001F7D46 /* SearchSummonerListViewModel.swift */; };
		E0A2E88C28B5E185001F7D46 /* NavigationLazyView.swift in Sources */ = {isa = PBXBuildFile; fileRef = E0A2E88B28B5E185001F7D46 /* NavigationLazyView.swift */; };
		E0A2E89128B5F4EE001F7D46 /* NavigationConfigurator.swift in Sources */ = {isa = PBXBuildFile; fileRef = E0A2E89028B5F4EE001F7D46 /* NavigationConfigurator.swift */; };
		E0A2E89528B60839001F7D46 /* CustomNavBar.swift in Sources */ = {isa = PBXBuildFile; fileRef = E0A2E89428B60839001F7D46 /* CustomNavBar.swift */; };
		E0A2E8A428B6FEE7001F7D46 /* String+Extension.swift in Sources */ = {isa = PBXBuildFile; fileRef = E0A2E8A328B6FEE7001F7D46 /* String+Extension.swift */; };
		E0BD80F628B700F40018D047 /* Localizable.strings in Resources */ = {isa = PBXBuildFile; fileRef = E0BD80F828B700F40018D047 /* Localizable.strings */; };
		E0BD810028B725A90018D047 /* LocalizedStringKey+Extension.swift in Sources */ = {isa = PBXBuildFile; fileRef = E0BD80FF28B725A90018D047 /* LocalizedStringKey+Extension.swift */; };
		E0BD810328B732730018D047 /* SummaryViewModel.swift in Sources */ = {isa = PBXBuildFile; fileRef = E0BD810228B732730018D047 /* SummaryViewModel.swift */; };
		E0BD810528B7327A0018D047 /* SummaryView.swift in Sources */ = {isa = PBXBuildFile; fileRef = E0BD810428B7327A0018D047 /* SummaryView.swift */; };
		E0BD810828B7332F0018D047 /* SummaryLastGameView.swift in Sources */ = {isa = PBXBuildFile; fileRef = E0BD810728B7332F0018D047 /* SummaryLastGameView.swift */; };
		E0BD810A28B7333D0018D047 /* SummaryLastGameViewModel.swift in Sources */ = {isa = PBXBuildFile; fileRef = E0BD810928B7333D0018D047 /* SummaryLastGameViewModel.swift */; };
		E0BD810C28B73A4C0018D047 /* GameInfos.swift in Sources */ = {isa = PBXBuildFile; fileRef = E0BD810B28B73A4C0018D047 /* GameInfos.swift */; };
		E0BD810E28B744620018D047 /* GameSummary.swift in Sources */ = {isa = PBXBuildFile; fileRef = E0BD810D28B744620018D047 /* GameSummary.swift */; };
		E0D7A14A28B7814300DA4229 /* PlayedWithViewModel.swift in Sources */ = {isa = PBXBuildFile; fileRef = E0D7A14928B7814300DA4229 /* PlayedWithViewModel.swift */; };
		E0D7A14C28B7814A00DA4229 /* PlayedWithView.swift in Sources */ = {isa = PBXBuildFile; fileRef = E0D7A14B28B7814A00DA4229 /* PlayedWithView.swift */; };
		E0DF4F4528B1FBB700D457E6 /* Color+Extension.swift in Sources */ = {isa = PBXBuildFile; fileRef = E0DF4F4428B1FBB700D457E6 /* Color+Extension.swift */; };
		E0DF4F4728B1FBCA00D457E6 /* Colors.xcassets in Resources */ = {isa = PBXBuildFile; fileRef = E0DF4F4628B1FBCA00D457E6 /* Colors.xcassets */; };
		E0DF4F4B28B1FEEE00D457E6 /* MainViewModel.swift in Sources */ = {isa = PBXBuildFile; fileRef = E0DF4F4A28B1FEEE00D457E6 /* MainViewModel.swift */; };
		E0DF4F5028B2401900D457E6 /* SummonerSearchView.swift in Sources */ = {isa = PBXBuildFile; fileRef = E0DF4F4F28B2401900D457E6 /* SummonerSearchView.swift */; };
		E0DF4F5228B2439E00D457E6 /* MainTopView.swift in Sources */ = {isa = PBXBuildFile; fileRef = E0DF4F5128B2439E00D457E6 /* MainTopView.swift */; };
		E0DF4F5B28B2677000D457E6 /* OpggTarget.swift in Sources */ = {isa = PBXBuildFile; fileRef = E0DF4F5428B2677000D457E6 /* OpggTarget.swift */; };
		E0DF4F5C28B2677000D457E6 /* APIError.swift in Sources */ = {isa = PBXBuildFile; fileRef = E0DF4F5628B2677000D457E6 /* APIError.swift */; };
		E0DF4F5D28B2677000D457E6 /* Provider.swift in Sources */ = {isa = PBXBuildFile; fileRef = E0DF4F5728B2677000D457E6 /* Provider.swift */; };
		E0DF4F5E28B2677000D457E6 /* BaseTarget.swift in Sources */ = {isa = PBXBuildFile; fileRef = E0DF4F5828B2677000D457E6 /* BaseTarget.swift */; };
		E0DF4F5F28B2677000D457E6 /* Response+Reactive.swift in Sources */ = {isa = PBXBuildFile; fileRef = E0DF4F5928B2677000D457E6 /* Response+Reactive.swift */; };
		E0DF4F6028B2677000D457E6 /* Response.swift in Sources */ = {isa = PBXBuildFile; fileRef = E0DF4F5A28B2677000D457E6 /* Response.swift */; };
		E0DF4F6328B2679C00D457E6 /* Log.swift in Sources */ = {isa = PBXBuildFile; fileRef = E0DF4F6228B2679C00D457E6 /* Log.swift */; };
		E0DF4F6728B2698000D457E6 /* NetworkRepository.swift in Sources */ = {isa = PBXBuildFile; fileRef = E0DF4F6628B2698000D457E6 /* NetworkRepository.swift */; };
		E0DF4F6928B2699100D457E6 /* OpggRepository.swift in Sources */ = {isa = PBXBuildFile; fileRef = E0DF4F6828B2699100D457E6 /* OpggRepository.swift */; };
		E0DF4F6B28B2699900D457E6 /* OpggRepositoryImpl.swift in Sources */ = {isa = PBXBuildFile; fileRef = E0DF4F6A28B2699900D457E6 /* OpggRepositoryImpl.swift */; };
		E0DF4F6E28B26A0C00D457E6 /* SummonerSearch.swift in Sources */ = {isa = PBXBuildFile; fileRef = E0DF4F6D28B26A0C00D457E6 /* SummonerSearch.swift */; };
		E0DF4F7028B26EE900D457E6 /* Inject.swift in Sources */ = {isa = PBXBuildFile; fileRef = E0DF4F6F28B26EE900D457E6 /* Inject.swift */; };
		E0DF4F7228B26EF700D457E6 /* Container.swift in Sources */ = {isa = PBXBuildFile; fileRef = E0DF4F7128B26EF700D457E6 /* Container.swift */; };
		E0DF4F7428B299D000D457E6 /* Result+Extension.swift in Sources */ = {isa = PBXBuildFile; fileRef = E0DF4F7328B299D000D457E6 /* Result+Extension.swift */; };
		E0DF4F7828B29BD900D457E6 /* SearchSummonerCellViewModel.swift in Sources */ = {isa = PBXBuildFile; fileRef = E0DF4F7728B29BD900D457E6 /* SearchSummonerCellViewModel.swift */; };
		E0DF4F7A28B29BE600D457E6 /* SearchSummonerCellView.swift in Sources */ = {isa = PBXBuildFile; fileRef = E0DF4F7928B29BE600D457E6 /* SearchSummonerCellView.swift */; };
		E0DF4F7C28B29D0E00D457E6 /* SearchSummonerListView.swift in Sources */ = {isa = PBXBuildFile; fileRef = E0DF4F7B28B29D0E00D457E6 /* SearchSummonerListView.swift */; };
		E0DF4F7E28B2A40600D457E6 /* View+Extension.swift in Sources */ = {isa = PBXBuildFile; fileRef = E0DF4F7D28B2A40600D457E6 /* View+Extension.swift */; };
		E0DF4F8428B3651900D457E6 /* DetailView.swift in Sources */ = {isa = PBXBuildFile; fileRef = E0DF4F8328B3651900D457E6 /* DetailView.swift */; };
		E0DF4F8628B3659400D457E6 /* DetailViewModel.swift in Sources */ = {isa = PBXBuildFile; fileRef = E0DF4F8528B3659400D457E6 /* DetailViewModel.swift */; };
		E0DF4F8828B36A8100D457E6 /* SummonerDetail.swift in Sources */ = {isa = PBXBuildFile; fileRef = E0DF4F8728B36A8100D457E6 /* SummonerDetail.swift */; };
		E0DF4F9228B38BC900D457E6 /* Int+Extension.swift in Sources */ = {isa = PBXBuildFile; fileRef = E0DF4F9128B38BC900D457E6 /* Int+Extension.swift */; };
		E0DF4F9528B38D4F00D457E6 /* IntegrateTextView.swift in Sources */ = {isa = PBXBuildFile; fileRef = E0DF4F9428B38D4F00D457E6 /* IntegrateTextView.swift */; };
		E0DF4FA128B3A00200D457E6 /* PreviewMockData.swift in Sources */ = {isa = PBXBuildFile; fileRef = E0DF4FA028B3A00200D457E6 /* PreviewMockData.swift */; };
		E0DF4FA328B3A90800D457E6 /* SummonerSearchViewModel.swift in Sources */ = {isa = PBXBuildFile; fileRef = E0DF4FA228B3A90800D457E6 /* SummonerSearchViewModel.swift */; };
		E0DF4FA628B3AE5000D457E6 /* SeasonData.swift in Sources */ = {isa = PBXBuildFile; fileRef = E0DF4FA528B3AE5000D457E6 /* SeasonData.swift */; };
		E0EEDAFC28B1E67200756FF8 /* OPGGCopyApp.swift in Sources */ = {isa = PBXBuildFile; fileRef = E0EEDAFB28B1E67200756FF8 /* OPGGCopyApp.swift */; };
		E0EEDAFE28B1E67200756FF8 /* MainView.swift in Sources */ = {isa = PBXBuildFile; fileRef = E0EEDAFD28B1E67200756FF8 /* MainView.swift */; };
		E0EEDB0028B1E67300756FF8 /* Assets.xcassets in Resources */ = {isa = PBXBuildFile; fileRef = E0EEDAFF28B1E67300756FF8 /* Assets.xcassets */; };
		E0EEDB0328B1E67300756FF8 /* Preview Assets.xcassets in Resources */ = {isa = PBXBuildFile; fileRef = E0EEDB0228B1E67300756FF8 /* Preview Assets.xcassets */; };
/* End PBXBuildFile section */

/* Begin PBXFileReference section */
		3F606BA783C881EFB3B4AFA0 /* Pods-OPGGCopy.release.xcconfig */ = {isa = PBXFileReference; includeInIndex = 1; lastKnownFileType = text.xcconfig; name = "Pods-OPGGCopy.release.xcconfig"; path = "Target Support Files/Pods-OPGGCopy/Pods-OPGGCopy.release.xcconfig"; sourceTree = "<group>"; };
		B4FC179623A7914105EE5D08 /* Pods_OPGGCopy.framework */ = {isa = PBXFileReference; explicitFileType = wrapper.framework; includeInIndex = 0; path = Pods_OPGGCopy.framework; sourceTree = BUILT_PRODUCTS_DIR; };
		E05164A928B7660000E5120D /* PreviousSeasonsViewModel.swift */ = {isa = PBXFileReference; fileEncoding = 4; lastKnownFileType = sourcecode.swift; path = PreviousSeasonsViewModel.swift; sourceTree = "<group>"; };
		E05164AA28B7660000E5120D /* PreviousSeasonsView.swift */ = {isa = PBXFileReference; fileEncoding = 4; lastKnownFileType = sourcecode.swift; path = PreviousSeasonsView.swift; sourceTree = "<group>"; };
		E05164AC28B7660000E5120D /* PreviousSeasonsItemViewModel.swift */ = {isa = PBXFileReference; fileEncoding = 4; lastKnownFileType = sourcecode.swift; path = PreviousSeasonsItemViewModel.swift; sourceTree = "<group>"; };
		E05164AD28B7660000E5120D /* PreviousSeasonsItemView.swift */ = {isa = PBXFileReference; fileEncoding = 4; lastKnownFileType = sourcecode.swift; path = PreviousSeasonsItemView.swift; sourceTree = "<group>"; };
		E05164AF28B7660000E5120D /* DetailTopViewModel.swift */ = {isa = PBXFileReference; fileEncoding = 4; lastKnownFileType = sourcecode.swift; path = DetailTopViewModel.swift; sourceTree = "<group>"; };
		E05164B028B7660000E5120D /* DetailTopView.swift */ = {isa = PBXFileReference; fileEncoding = 4; lastKnownFileType = sourcecode.swift; path = DetailTopView.swift; sourceTree = "<group>"; };
		E05164B228B7660000E5120D /* SummonerInfoView.swift */ = {isa = PBXFileReference; fileEncoding = 4; lastKnownFileType = sourcecode.swift; path = SummonerInfoView.swift; sourceTree = "<group>"; };
		E05164B328B7660000E5120D /* DetailTopButtons.swift */ = {isa = PBXFileReference; fileEncoding = 4; lastKnownFileType = sourcecode.swift; path = DetailTopButtons.swift; sourceTree = "<group>"; };
		E05164B528B7660000E5120D /* LeagueStatsViewModel.swift */ = {isa = PBXFileReference; fileEncoding = 4; lastKnownFileType = sourcecode.swift; path = LeagueStatsViewModel.swift; sourceTree = "<group>"; };
		E05164B628B7660000E5120D /* LeagueStatsView.swift */ = {isa = PBXFileReference; fileEncoding = 4; lastKnownFileType = sourcecode.swift; path = LeagueStatsView.swift; sourceTree = "<group>"; };
		E05164B828B7660000E5120D /* LeagueStatsItemViewModel.swift */ = {isa = PBXFileReference; fileEncoding = 4; lastKnownFileType = sourcecode.swift; path = LeagueStatsItemViewModel.swift; sourceTree = "<group>"; };
		E05164B928B7660000E5120D /* LeagueStatsItemView.swift */ = {isa = PBXFileReference; fileEncoding = 4; lastKnownFileType = sourcecode.swift; path = LeagueStatsItemView.swift; sourceTree = "<group>"; };
		E05164D228B766A400E5120D /* MostChampionView.swift */ = {isa = PBXFileReference; fileEncoding = 4; lastKnownFileType = sourcecode.swift; path = MostChampionView.swift; sourceTree = "<group>"; };
		E05164D328B766A400E5120D /* MostChampionViewModel.swift */ = {isa = PBXFileReference; fileEncoding = 4; lastKnownFileType = sourcecode.swift; path = MostChampionViewModel.swift; sourceTree = "<group>"; };
		E05164D628B769B000E5120D /* ChampionData.swift */ = {isa = PBXFileReference; lastKnownFileType = sourcecode.swift; path = ChampionData.swift; sourceTree = "<group>"; };
		E0A2E87F28B4C13A001F7D46 /* TierImageData.swift */ = {isa = PBXFileReference; lastKnownFileType = sourcecode.swift; path = TierImageData.swift; sourceTree = "<group>"; };
		E0A2E88328B4CBED001F7D46 /* WinRate.swift */ = {isa = PBXFileReference; lastKnownFileType = sourcecode.swift; path = WinRate.swift; sourceTree = "<group>"; };
		E0A2E88728B595A0001F7D46 /* CustomNavigationView.swift */ = {isa = PBXFileReference; lastKnownFileType = sourcecode.swift; path = CustomNavigationView.swift; sourceTree = "<group>"; };
		E0A2E88928B5CF6E001F7D46 /* SearchSummonerListViewModel.swift */ = {isa = PBXFileReference; lastKnownFileType = sourcecode.swift; path = SearchSummonerListViewModel.swift; sourceTree = "<group>"; };
		E0A2E88B28B5E185001F7D46 /* NavigationLazyView.swift */ = {isa = PBXFileReference; lastKnownFileType = sourcecode.swift; path = NavigationLazyView.swift; sourceTree = "<group>"; };
		E0A2E89028B5F4EE001F7D46 /* NavigationConfigurator.swift */ = {isa = PBXFileReference; lastKnownFileType = sourcecode.swift; path = NavigationConfigurator.swift; sourceTree = "<group>"; };
		E0A2E89428B60839001F7D46 /* CustomNavBar.swift */ = {isa = PBXFileReference; lastKnownFileType = sourcecode.swift; path = CustomNavBar.swift; sourceTree = "<group>"; };
		E0A2E8A328B6FEE7001F7D46 /* String+Extension.swift */ = {isa = PBXFileReference; lastKnownFileType = sourcecode.swift; path = "String+Extension.swift"; sourceTree = "<group>"; };
		E0BD80F728B700F40018D047 /* en */ = {isa = PBXFileReference; lastKnownFileType = text.plist.strings; name = en; path = en.lproj/Localizable.strings; sourceTree = "<group>"; };
		E0BD80F928B700F60018D047 /* ko */ = {isa = PBXFileReference; lastKnownFileType = text.plist.strings; name = ko; path = ko.lproj/Localizable.strings; sourceTree = "<group>"; };
		E0BD80FF28B725A90018D047 /* LocalizedStringKey+Extension.swift */ = {isa = PBXFileReference; lastKnownFileType = sourcecode.swift; path = "LocalizedStringKey+Extension.swift"; sourceTree = "<group>"; };
		E0BD810228B732730018D047 /* SummaryViewModel.swift */ = {isa = PBXFileReference; lastKnownFileType = sourcecode.swift; path = SummaryViewModel.swift; sourceTree = "<group>"; };
		E0BD810428B7327A0018D047 /* SummaryView.swift */ = {isa = PBXFileReference; lastKnownFileType = sourcecode.swift; path = SummaryView.swift; sourceTree = "<group>"; };
		E0BD810728B7332F0018D047 /* SummaryLastGameView.swift */ = {isa = PBXFileReference; lastKnownFileType = sourcecode.swift; path = SummaryLastGameView.swift; sourceTree = "<group>"; };
		E0BD810928B7333D0018D047 /* SummaryLastGameViewModel.swift */ = {isa = PBXFileReference; lastKnownFileType = sourcecode.swift; path = SummaryLastGameViewModel.swift; sourceTree = "<group>"; };
		E0BD810B28B73A4C0018D047 /* GameInfos.swift */ = {isa = PBXFileReference; lastKnownFileType = sourcecode.swift; path = GameInfos.swift; sourceTree = "<group>"; };
		E0BD810D28B744620018D047 /* GameSummary.swift */ = {isa = PBXFileReference; lastKnownFileType = sourcecode.swift; path = GameSummary.swift; sourceTree = "<group>"; };
		E0D7A14928B7814300DA4229 /* PlayedWithViewModel.swift */ = {isa = PBXFileReference; lastKnownFileType = sourcecode.swift; path = PlayedWithViewModel.swift; sourceTree = "<group>"; };
		E0D7A14B28B7814A00DA4229 /* PlayedWithView.swift */ = {isa = PBXFileReference; lastKnownFileType = sourcecode.swift; path = PlayedWithView.swift; sourceTree = "<group>"; };
		E0DF4F4428B1FBB700D457E6 /* Color+Extension.swift */ = {isa = PBXFileReference; lastKnownFileType = sourcecode.swift; path = "Color+Extension.swift"; sourceTree = "<group>"; };
		E0DF4F4628B1FBCA00D457E6 /* Colors.xcassets */ = {isa = PBXFileReference; lastKnownFileType = folder.assetcatalog; path = Colors.xcassets; sourceTree = "<group>"; };
		E0DF4F4A28B1FEEE00D457E6 /* MainViewModel.swift */ = {isa = PBXFileReference; lastKnownFileType = sourcecode.swift; path = MainViewModel.swift; sourceTree = "<group>"; };
		E0DF4F4F28B2401900D457E6 /* SummonerSearchView.swift */ = {isa = PBXFileReference; lastKnownFileType = sourcecode.swift; path = SummonerSearchView.swift; sourceTree = "<group>"; };
		E0DF4F5128B2439E00D457E6 /* MainTopView.swift */ = {isa = PBXFileReference; lastKnownFileType = sourcecode.swift; path = MainTopView.swift; sourceTree = "<group>"; };
		E0DF4F5428B2677000D457E6 /* OpggTarget.swift */ = {isa = PBXFileReference; fileEncoding = 4; lastKnownFileType = sourcecode.swift; path = OpggTarget.swift; sourceTree = "<group>"; };
		E0DF4F5628B2677000D457E6 /* APIError.swift */ = {isa = PBXFileReference; fileEncoding = 4; lastKnownFileType = sourcecode.swift; path = APIError.swift; sourceTree = "<group>"; };
		E0DF4F5728B2677000D457E6 /* Provider.swift */ = {isa = PBXFileReference; fileEncoding = 4; lastKnownFileType = sourcecode.swift; path = Provider.swift; sourceTree = "<group>"; };
		E0DF4F5828B2677000D457E6 /* BaseTarget.swift */ = {isa = PBXFileReference; fileEncoding = 4; lastKnownFileType = sourcecode.swift; path = BaseTarget.swift; sourceTree = "<group>"; };
		E0DF4F5928B2677000D457E6 /* Response+Reactive.swift */ = {isa = PBXFileReference; fileEncoding = 4; lastKnownFileType = sourcecode.swift; path = "Response+Reactive.swift"; sourceTree = "<group>"; };
		E0DF4F5A28B2677000D457E6 /* Response.swift */ = {isa = PBXFileReference; fileEncoding = 4; lastKnownFileType = sourcecode.swift; path = Response.swift; sourceTree = "<group>"; };
		E0DF4F6228B2679C00D457E6 /* Log.swift */ = {isa = PBXFileReference; lastKnownFileType = sourcecode.swift; path = Log.swift; sourceTree = "<group>"; };
		E0DF4F6628B2698000D457E6 /* NetworkRepository.swift */ = {isa = PBXFileReference; lastKnownFileType = sourcecode.swift; path = NetworkRepository.swift; sourceTree = "<group>"; };
		E0DF4F6828B2699100D457E6 /* OpggRepository.swift */ = {isa = PBXFileReference; lastKnownFileType = sourcecode.swift; path = OpggRepository.swift; sourceTree = "<group>"; };
		E0DF4F6A28B2699900D457E6 /* OpggRepositoryImpl.swift */ = {isa = PBXFileReference; lastKnownFileType = sourcecode.swift; path = OpggRepositoryImpl.swift; sourceTree = "<group>"; };
		E0DF4F6D28B26A0C00D457E6 /* SummonerSearch.swift */ = {isa = PBXFileReference; lastKnownFileType = sourcecode.swift; path = SummonerSearch.swift; sourceTree = "<group>"; };
		E0DF4F6F28B26EE900D457E6 /* Inject.swift */ = {isa = PBXFileReference; lastKnownFileType = sourcecode.swift; path = Inject.swift; sourceTree = "<group>"; };
		E0DF4F7128B26EF700D457E6 /* Container.swift */ = {isa = PBXFileReference; lastKnownFileType = sourcecode.swift; path = Container.swift; sourceTree = "<group>"; };
		E0DF4F7328B299D000D457E6 /* Result+Extension.swift */ = {isa = PBXFileReference; lastKnownFileType = sourcecode.swift; path = "Result+Extension.swift"; sourceTree = "<group>"; };
		E0DF4F7728B29BD900D457E6 /* SearchSummonerCellViewModel.swift */ = {isa = PBXFileReference; lastKnownFileType = sourcecode.swift; path = SearchSummonerCellViewModel.swift; sourceTree = "<group>"; };
		E0DF4F7928B29BE600D457E6 /* SearchSummonerCellView.swift */ = {isa = PBXFileReference; lastKnownFileType = sourcecode.swift; path = SearchSummonerCellView.swift; sourceTree = "<group>"; };
		E0DF4F7B28B29D0E00D457E6 /* SearchSummonerListView.swift */ = {isa = PBXFileReference; lastKnownFileType = sourcecode.swift; path = SearchSummonerListView.swift; sourceTree = "<group>"; };
		E0DF4F7D28B2A40600D457E6 /* View+Extension.swift */ = {isa = PBXFileReference; lastKnownFileType = sourcecode.swift; path = "View+Extension.swift"; sourceTree = "<group>"; };
		E0DF4F8328B3651900D457E6 /* DetailView.swift */ = {isa = PBXFileReference; lastKnownFileType = sourcecode.swift; path = DetailView.swift; sourceTree = "<group>"; };
		E0DF4F8528B3659400D457E6 /* DetailViewModel.swift */ = {isa = PBXFileReference; lastKnownFileType = sourcecode.swift; path = DetailViewModel.swift; sourceTree = "<group>"; };
		E0DF4F8728B36A8100D457E6 /* SummonerDetail.swift */ = {isa = PBXFileReference; lastKnownFileType = sourcecode.swift; path = SummonerDetail.swift; sourceTree = "<group>"; };
		E0DF4F9128B38BC900D457E6 /* Int+Extension.swift */ = {isa = PBXFileReference; lastKnownFileType = sourcecode.swift; path = "Int+Extension.swift"; sourceTree = "<group>"; };
		E0DF4F9428B38D4F00D457E6 /* IntegrateTextView.swift */ = {isa = PBXFileReference; lastKnownFileType = sourcecode.swift; path = IntegrateTextView.swift; sourceTree = "<group>"; };
		E0DF4FA028B3A00200D457E6 /* PreviewMockData.swift */ = {isa = PBXFileReference; lastKnownFileType = sourcecode.swift; path = PreviewMockData.swift; sourceTree = "<group>"; };
		E0DF4FA228B3A90800D457E6 /* SummonerSearchViewModel.swift */ = {isa = PBXFileReference; lastKnownFileType = sourcecode.swift; path = SummonerSearchViewModel.swift; sourceTree = "<group>"; };
		E0DF4FA528B3AE5000D457E6 /* SeasonData.swift */ = {isa = PBXFileReference; lastKnownFileType = sourcecode.swift; path = SeasonData.swift; sourceTree = "<group>"; };
		E0EEDAF828B1E67200756FF8 /* OPGGCopy.app */ = {isa = PBXFileReference; explicitFileType = wrapper.application; includeInIndex = 0; path = OPGGCopy.app; sourceTree = BUILT_PRODUCTS_DIR; };
		E0EEDAFB28B1E67200756FF8 /* OPGGCopyApp.swift */ = {isa = PBXFileReference; lastKnownFileType = sourcecode.swift; path = OPGGCopyApp.swift; sourceTree = "<group>"; };
		E0EEDAFD28B1E67200756FF8 /* MainView.swift */ = {isa = PBXFileReference; lastKnownFileType = sourcecode.swift; path = MainView.swift; sourceTree = "<group>"; };
		E0EEDAFF28B1E67300756FF8 /* Assets.xcassets */ = {isa = PBXFileReference; lastKnownFileType = folder.assetcatalog; path = Assets.xcassets; sourceTree = "<group>"; };
		E0EEDB0228B1E67300756FF8 /* Preview Assets.xcassets */ = {isa = PBXFileReference; lastKnownFileType = folder.assetcatalog; path = "Preview Assets.xcassets"; sourceTree = "<group>"; };
		E9A4EB1821F8EEA806F7E12E /* Pods-OPGGCopy.debug.xcconfig */ = {isa = PBXFileReference; includeInIndex = 1; lastKnownFileType = text.xcconfig; name = "Pods-OPGGCopy.debug.xcconfig"; path = "Target Support Files/Pods-OPGGCopy/Pods-OPGGCopy.debug.xcconfig"; sourceTree = "<group>"; };
/* End PBXFileReference section */

/* Begin PBXFrameworksBuildPhase section */
		E0EEDAF528B1E67200756FF8 /* Frameworks */ = {
			isa = PBXFrameworksBuildPhase;
			buildActionMask = 2147483647;
			files = (
				8F002116A8FCE5AE29519D83 /* Pods_OPGGCopy.framework in Frameworks */,
			);
			runOnlyForDeploymentPostprocessing = 0;
		};
/* End PBXFrameworksBuildPhase section */

/* Begin PBXGroup section */
		30A7257C7C6D729921E911B0 /* Pods */ = {
			isa = PBXGroup;
			children = (
				E9A4EB1821F8EEA806F7E12E /* Pods-OPGGCopy.debug.xcconfig */,
				3F606BA783C881EFB3B4AFA0 /* Pods-OPGGCopy.release.xcconfig */,
			);
			path = Pods;
			sourceTree = "<group>";
		};
		74E27540C80A797E3BEAA87D /* Frameworks */ = {
			isa = PBXGroup;
			children = (
				B4FC179623A7914105EE5D08 /* Pods_OPGGCopy.framework */,
			);
			name = Frameworks;
			sourceTree = "<group>";
		};
		E05164A728B7660000E5120D /* View */ = {
			isa = PBXGroup;
			children = (
				E05164AE28B7660000E5120D /* TopView */,
				E05164A828B7660000E5120D /* PreviousSeasons */,
				E05164B428B7660000E5120D /* LeagueStatsView */,
				E0BD810128B732470018D047 /* SummaryView */,
			);
			path = View;
			sourceTree = "<group>";
		};
		E05164A828B7660000E5120D /* PreviousSeasons */ = {
			isa = PBXGroup;
			children = (
				E05164A928B7660000E5120D /* PreviousSeasonsViewModel.swift */,
				E05164AA28B7660000E5120D /* PreviousSeasonsView.swift */,
				E05164AB28B7660000E5120D /* View */,
			);
			path = PreviousSeasons;
			sourceTree = "<group>";
		};
		E05164AB28B7660000E5120D /* View */ = {
			isa = PBXGroup;
			children = (
				E05164AC28B7660000E5120D /* PreviousSeasonsItemViewModel.swift */,
				E05164AD28B7660000E5120D /* PreviousSeasonsItemView.swift */,
			);
			path = View;
			sourceTree = "<group>";
		};
		E05164AE28B7660000E5120D /* TopView */ = {
			isa = PBXGroup;
			children = (
				E05164AF28B7660000E5120D /* DetailTopViewModel.swift */,
				E05164B028B7660000E5120D /* DetailTopView.swift */,
				E05164B128B7660000E5120D /* View */,
			);
			path = TopView;
			sourceTree = "<group>";
		};
		E05164B128B7660000E5120D /* View */ = {
			isa = PBXGroup;
			children = (
				E05164B228B7660000E5120D /* SummonerInfoView.swift */,
				E05164B328B7660000E5120D /* DetailTopButtons.swift */,
			);
			path = View;
			sourceTree = "<group>";
		};
		E05164B428B7660000E5120D /* LeagueStatsView */ = {
			isa = PBXGroup;
			children = (
				E05164B728B7660000E5120D /* View */,
				E05164B528B7660000E5120D /* LeagueStatsViewModel.swift */,
				E05164B628B7660000E5120D /* LeagueStatsView.swift */,
			);
			path = LeagueStatsView;
			sourceTree = "<group>";
		};
		E05164B728B7660000E5120D /* View */ = {
			isa = PBXGroup;
			children = (
				E05164B828B7660000E5120D /* LeagueStatsItemViewModel.swift */,
				E05164B928B7660000E5120D /* LeagueStatsItemView.swift */,
			);
			path = View;
			sourceTree = "<group>";
		};
		E05164D028B7666D00E5120D /* LastGame */ = {
			isa = PBXGroup;
			children = (
				E0BD810728B7332F0018D047 /* SummaryLastGameView.swift */,
				E0BD810928B7333D0018D047 /* SummaryLastGameViewModel.swift */,
			);
			path = LastGame;
			sourceTree = "<group>";
		};
		E05164D128B7667600E5120D /* MostChampion */ = {
			isa = PBXGroup;
			children = (
				E05164D228B766A400E5120D /* MostChampionView.swift */,
				E05164D328B766A400E5120D /* MostChampionViewModel.swift */,
			);
			path = MostChampion;
			sourceTree = "<group>";
		};
		E05164D828B77BCD00E5120D /* PlayedWithView */ = {
			isa = PBXGroup;
			children = (
				E0D7A14928B7814300DA4229 /* PlayedWithViewModel.swift */,
				E0D7A14B28B7814A00DA4229 /* PlayedWithView.swift */,
			);
			path = PlayedWithView;
			sourceTree = "<group>";
		};
		E0A2E88128B4CBAF001F7D46 /* Struct */ = {
			isa = PBXGroup;
			children = (
			);
			path = Struct;
			sourceTree = "<group>";
		};
		E0A2E88228B4CBB8001F7D46 /* View */ = {
			isa = PBXGroup;
			children = (
				E0DF4F9428B38D4F00D457E6 /* IntegrateTextView.swift */,
				E0A2E88B28B5E185001F7D46 /* NavigationLazyView.swift */,
			);
			path = View;
			sourceTree = "<group>";
		};
		E0A2E88F28B5EBD4001F7D46 /* ViewController */ = {
			isa = PBXGroup;
			children = (
				E0A2E88728B595A0001F7D46 /* CustomNavigationView.swift */,
				E0A2E89028B5F4EE001F7D46 /* NavigationConfigurator.swift */,
			);
			path = ViewController;
			sourceTree = "<group>";
		};
		E0A2E89628B60CE4001F7D46 /* NavigationBar */ = {
			isa = PBXGroup;
			children = (
				E0A2E89428B60839001F7D46 /* CustomNavBar.swift */,
			);
			path = NavigationBar;
			sourceTree = "<group>";
		};
		E0BD810128B732470018D047 /* SummaryView */ = {
			isa = PBXGroup;
			children = (
				E0BD810628B7330D0018D047 /* View */,
				E0BD810428B7327A0018D047 /* SummaryView.swift */,
				E0BD810228B732730018D047 /* SummaryViewModel.swift */,
			);
			path = SummaryView;
			sourceTree = "<group>";
		};
		E0BD810628B7330D0018D047 /* View */ = {
			isa = PBXGroup;
			children = (
				E05164D028B7666D00E5120D /* LastGame */,
				E05164D128B7667600E5120D /* MostChampion */,
				E05164D828B77BCD00E5120D /* PlayedWithView */,
			);
			path = View;
			sourceTree = "<group>";
		};
		E0DF4F4028B1EF8900D457E6 /* Sources */ = {
			isa = PBXGroup;
			children = (
				E0DF4F6C28B26A0200D457E6 /* Model */,
				E0DF4F5328B2677000D457E6 /* API */,
				E0DF4F6428B2695D00D457E6 /* Repository */,
				E0DF4F4C28B23FBC00D457E6 /* Present */,
				E0DF4F6128B2679200D457E6 /* Common */,
				E0DF4F4228B1FBA100D457E6 /* Extension */,
				E0EEDAFB28B1E67200756FF8 /* OPGGCopyApp.swift */,
			);
			path = Sources;
			sourceTree = "<group>";
		};
		E0DF4F4128B1EF8E00D457E6 /* Resources */ = {
			isa = PBXGroup;
			children = (
				E0EEDAFF28B1E67300756FF8 /* Assets.xcassets */,
				E0DF4F4628B1FBCA00D457E6 /* Colors.xcassets */,
				E0BD80F828B700F40018D047 /* Localizable.strings */,
			);
			path = Resources;
			sourceTree = "<group>";
		};
		E0DF4F4228B1FBA100D457E6 /* Extension */ = {
			isa = PBXGroup;
			children = (
				E0DF4F4428B1FBB700D457E6 /* Color+Extension.swift */,
				E0DF4F7328B299D000D457E6 /* Result+Extension.swift */,
				E0DF4F7D28B2A40600D457E6 /* View+Extension.swift */,
				E0DF4F9128B38BC900D457E6 /* Int+Extension.swift */,
				E0A2E8A328B6FEE7001F7D46 /* String+Extension.swift */,
				E0BD80FF28B725A90018D047 /* LocalizedStringKey+Extension.swift */,
			);
			path = Extension;
			sourceTree = "<group>";
		};
		E0DF4F4C28B23FBC00D457E6 /* Present */ = {
			isa = PBXGroup;
			children = (
				E0DF4F4D28B23FC300D457E6 /* Main */,
				E0DF4F8228B3650B00D457E6 /* DetailView */,
				E0DF4F9328B38D3300D457E6 /* Common */,
			);
			path = Present;
			sourceTree = "<group>";
		};
		E0DF4F4D28B23FC300D457E6 /* Main */ = {
			isa = PBXGroup;
			children = (
				E0DF4F4E28B23FE600D457E6 /* View */,
				E0EEDAFD28B1E67200756FF8 /* MainView.swift */,
				E0DF4F4A28B1FEEE00D457E6 /* MainViewModel.swift */,
			);
			path = Main;
			sourceTree = "<group>";
		};
		E0DF4F4E28B23FE600D457E6 /* View */ = {
			isa = PBXGroup;
			children = (
				E0DF4F8028B31B9000D457E6 /* TopView */,
				E0DF4F7528B29BAA00D457E6 /* SearchView */,
				E0DF4F7F28B31AF100D457E6 /* SearchListView */,
			);
			path = View;
			sourceTree = "<group>";
		};
		E0DF4F5328B2677000D457E6 /* API */ = {
			isa = PBXGroup;
			children = (
				E0DF4F5428B2677000D457E6 /* OpggTarget.swift */,
				E0DF4F5528B2677000D457E6 /* Base */,
			);
			path = API;
			sourceTree = "<group>";
		};
		E0DF4F5528B2677000D457E6 /* Base */ = {
			isa = PBXGroup;
			children = (
				E0DF4F5628B2677000D457E6 /* APIError.swift */,
				E0DF4F5728B2677000D457E6 /* Provider.swift */,
				E0DF4F5828B2677000D457E6 /* BaseTarget.swift */,
				E0DF4F5928B2677000D457E6 /* Response+Reactive.swift */,
				E0DF4F5A28B2677000D457E6 /* Response.swift */,
			);
			path = Base;
			sourceTree = "<group>";
		};
		E0DF4F6128B2679200D457E6 /* Common */ = {
			isa = PBXGroup;
			children = (
				E0DF4FA428B3AE1900D457E6 /* Data */,
				E0DF4F6228B2679C00D457E6 /* Log.swift */,
				E0DF4F6F28B26EE900D457E6 /* Inject.swift */,
				E0DF4F7128B26EF700D457E6 /* Container.swift */,
			);
			path = Common;
			sourceTree = "<group>";
		};
		E0DF4F6428B2695D00D457E6 /* Repository */ = {
			isa = PBXGroup;
			children = (
				E0DF4F6528B2697700D457E6 /* Base */,
				E0DF4F6828B2699100D457E6 /* OpggRepository.swift */,
				E0DF4F6A28B2699900D457E6 /* OpggRepositoryImpl.swift */,
			);
			path = Repository;
			sourceTree = "<group>";
		};
		E0DF4F6528B2697700D457E6 /* Base */ = {
			isa = PBXGroup;
			children = (
				E0DF4F6628B2698000D457E6 /* NetworkRepository.swift */,
			);
			path = Base;
			sourceTree = "<group>";
		};
		E0DF4F6C28B26A0200D457E6 /* Model */ = {
			isa = PBXGroup;
			children = (
				E0DF4F6D28B26A0C00D457E6 /* SummonerSearch.swift */,
				E0DF4F8728B36A8100D457E6 /* SummonerDetail.swift */,
				E0BD810B28B73A4C0018D047 /* GameInfos.swift */,
				E0BD810D28B744620018D047 /* GameSummary.swift */,
				E0A2E88328B4CBED001F7D46 /* WinRate.swift */,
			);
			path = Model;
			sourceTree = "<group>";
		};
		E0DF4F7528B29BAA00D457E6 /* SearchView */ = {
			isa = PBXGroup;
			children = (
				E0DF4F4F28B2401900D457E6 /* SummonerSearchView.swift */,
				E0DF4FA228B3A90800D457E6 /* SummonerSearchViewModel.swift */,
			);
			path = SearchView;
			sourceTree = "<group>";
		};
		E0DF4F7628B29BB900D457E6 /* Cell */ = {
			isa = PBXGroup;
			children = (
				E0DF4F7728B29BD900D457E6 /* SearchSummonerCellViewModel.swift */,
				E0DF4F7928B29BE600D457E6 /* SearchSummonerCellView.swift */,
			);
			path = Cell;
			sourceTree = "<group>";
		};
		E0DF4F7F28B31AF100D457E6 /* SearchListView */ = {
			isa = PBXGroup;
			children = (
				E0DF4F7628B29BB900D457E6 /* Cell */,
				E0DF4F7B28B29D0E00D457E6 /* SearchSummonerListView.swift */,
				E0A2E88928B5CF6E001F7D46 /* SearchSummonerListViewModel.swift */,
			);
			path = SearchListView;
			sourceTree = "<group>";
		};
		E0DF4F8028B31B9000D457E6 /* TopView */ = {
			isa = PBXGroup;
			children = (
				E0DF4F5128B2439E00D457E6 /* MainTopView.swift */,
			);
			path = TopView;
			sourceTree = "<group>";
		};
		E0DF4F8228B3650B00D457E6 /* DetailView */ = {
			isa = PBXGroup;
			children = (
				E05164A728B7660000E5120D /* View */,
				E0DF4F8328B3651900D457E6 /* DetailView.swift */,
				E0DF4F8528B3659400D457E6 /* DetailViewModel.swift */,
			);
			path = DetailView;
			sourceTree = "<group>";
		};
		E0DF4F9328B38D3300D457E6 /* Common */ = {
			isa = PBXGroup;
			children = (
				E0A2E89628B60CE4001F7D46 /* NavigationBar */,
				E0A2E88F28B5EBD4001F7D46 /* ViewController */,
				E0A2E88228B4CBB8001F7D46 /* View */,
				E0A2E88128B4CBAF001F7D46 /* Struct */,
			);
			path = Common;
			sourceTree = "<group>";
		};
		E0DF4FA428B3AE1900D457E6 /* Data */ = {
			isa = PBXGroup;
			children = (
				E0DF4FA028B3A00200D457E6 /* PreviewMockData.swift */,
				E0DF4FA528B3AE5000D457E6 /* SeasonData.swift */,
				E0A2E87F28B4C13A001F7D46 /* TierImageData.swift */,
				E05164D628B769B000E5120D /* ChampionData.swift */,
			);
			path = Data;
			sourceTree = "<group>";
		};
		E0EEDAEF28B1E67200756FF8 = {
			isa = PBXGroup;
			children = (
				E0EEDAFA28B1E67200756FF8 /* OPGGCopy */,
				E0EEDAF928B1E67200756FF8 /* Products */,
				30A7257C7C6D729921E911B0 /* Pods */,
				74E27540C80A797E3BEAA87D /* Frameworks */,
			);
			sourceTree = "<group>";
		};
		E0EEDAF928B1E67200756FF8 /* Products */ = {
			isa = PBXGroup;
			children = (
				E0EEDAF828B1E67200756FF8 /* OPGGCopy.app */,
			);
			name = Products;
			sourceTree = "<group>";
		};
		E0EEDAFA28B1E67200756FF8 /* OPGGCopy */ = {
			isa = PBXGroup;
			children = (
				E0DF4F4028B1EF8900D457E6 /* Sources */,
				E0DF4F4128B1EF8E00D457E6 /* Resources */,
				E0EEDB0128B1E67300756FF8 /* Preview Content */,
			);
			path = OPGGCopy;
			sourceTree = "<group>";
		};
		E0EEDB0128B1E67300756FF8 /* Preview Content */ = {
			isa = PBXGroup;
			children = (
				E0EEDB0228B1E67300756FF8 /* Preview Assets.xcassets */,
			);
			path = "Preview Content";
			sourceTree = "<group>";
		};
/* End PBXGroup section */

/* Begin PBXNativeTarget section */
		E0EEDAF728B1E67200756FF8 /* OPGGCopy */ = {
			isa = PBXNativeTarget;
			buildConfigurationList = E0EEDB0628B1E67300756FF8 /* Build configuration list for PBXNativeTarget "OPGGCopy" */;
			buildPhases = (
				504CC0C14EA320F303BCDB60 /* [CP] Check Pods Manifest.lock */,
				E0EEDAF428B1E67200756FF8 /* Sources */,
				E0EEDAF528B1E67200756FF8 /* Frameworks */,
				E0EEDAF628B1E67200756FF8 /* Resources */,
				958D14B12F9493434B8A0552 /* [CP] Embed Pods Frameworks */,
				E0DF4F8128B32D0800D457E6 /* SwiftLint */,
			);
			buildRules = (
			);
			dependencies = (
			);
			name = OPGGCopy;
			productName = OPGGCopy;
			productReference = E0EEDAF828B1E67200756FF8 /* OPGGCopy.app */;
			productType = "com.apple.product-type.application";
		};
/* End PBXNativeTarget section */

/* Begin PBXProject section */
		E0EEDAF028B1E67200756FF8 /* Project object */ = {
			isa = PBXProject;
			attributes = {
				BuildIndependentTargetsInParallel = 1;
				LastSwiftUpdateCheck = 1330;
				LastUpgradeCheck = 1330;
				TargetAttributes = {
					E0EEDAF728B1E67200756FF8 = {
						CreatedOnToolsVersion = 13.3.1;
					};
				};
			};
			buildConfigurationList = E0EEDAF328B1E67200756FF8 /* Build configuration list for PBXProject "OPGGCopy" */;
			compatibilityVersion = "Xcode 13.0";
			developmentRegion = en;
			hasScannedForEncodings = 0;
			knownRegions = (
				en,
				ko,
			);
			mainGroup = E0EEDAEF28B1E67200756FF8;
			productRefGroup = E0EEDAF928B1E67200756FF8 /* Products */;
			projectDirPath = "";
			projectRoot = "";
			targets = (
				E0EEDAF728B1E67200756FF8 /* OPGGCopy */,
			);
		};
/* End PBXProject section */

/* Begin PBXResourcesBuildPhase section */
		E0EEDAF628B1E67200756FF8 /* Resources */ = {
			isa = PBXResourcesBuildPhase;
			buildActionMask = 2147483647;
			files = (
				E0DF4F4728B1FBCA00D457E6 /* Colors.xcassets in Resources */,
				E0BD80F628B700F40018D047 /* Localizable.strings in Resources */,
				E0EEDB0328B1E67300756FF8 /* Preview Assets.xcassets in Resources */,
				E0EEDB0028B1E67300756FF8 /* Assets.xcassets in Resources */,
			);
			runOnlyForDeploymentPostprocessing = 0;
		};
/* End PBXResourcesBuildPhase section */

/* Begin PBXShellScriptBuildPhase section */
		504CC0C14EA320F303BCDB60 /* [CP] Check Pods Manifest.lock */ = {
			isa = PBXShellScriptBuildPhase;
			buildActionMask = 2147483647;
			files = (
			);
			inputFileListPaths = (
			);
			inputPaths = (
				"${PODS_PODFILE_DIR_PATH}/Podfile.lock",
				"${PODS_ROOT}/Manifest.lock",
			);
			name = "[CP] Check Pods Manifest.lock";
			outputFileListPaths = (
			);
			outputPaths = (
				"$(DERIVED_FILE_DIR)/Pods-OPGGCopy-checkManifestLockResult.txt",
			);
			runOnlyForDeploymentPostprocessing = 0;
			shellPath = /bin/sh;
			shellScript = "diff \"${PODS_PODFILE_DIR_PATH}/Podfile.lock\" \"${PODS_ROOT}/Manifest.lock\" > /dev/null\nif [ $? != 0 ] ; then\n    # print error to STDERR\n    echo \"error: The sandbox is not in sync with the Podfile.lock. Run 'pod install' or update your CocoaPods installation.\" >&2\n    exit 1\nfi\n# This output is used by Xcode 'outputs' to avoid re-running this script phase.\necho \"SUCCESS\" > \"${SCRIPT_OUTPUT_FILE_0}\"\n";
			showEnvVarsInLog = 0;
		};
		958D14B12F9493434B8A0552 /* [CP] Embed Pods Frameworks */ = {
			isa = PBXShellScriptBuildPhase;
			buildActionMask = 2147483647;
			files = (
			);
			inputFileListPaths = (
				"${PODS_ROOT}/Target Support Files/Pods-OPGGCopy/Pods-OPGGCopy-frameworks-${CONFIGURATION}-input-files.xcfilelist",
			);
			name = "[CP] Embed Pods Frameworks";
			outputFileListPaths = (
				"${PODS_ROOT}/Target Support Files/Pods-OPGGCopy/Pods-OPGGCopy-frameworks-${CONFIGURATION}-output-files.xcfilelist",
			);
			runOnlyForDeploymentPostprocessing = 0;
			shellPath = /bin/sh;
			shellScript = "\"${PODS_ROOT}/Target Support Files/Pods-OPGGCopy/Pods-OPGGCopy-frameworks.sh\"\n";
			showEnvVarsInLog = 0;
		};
		E0DF4F8128B32D0800D457E6 /* SwiftLint */ = {
			isa = PBXShellScriptBuildPhase;
			buildActionMask = 2147483647;
			files = (
			);
			inputFileListPaths = (
			);
			inputPaths = (
			);
			name = SwiftLint;
			outputFileListPaths = (
			);
			outputPaths = (
			);
			runOnlyForDeploymentPostprocessing = 0;
			shellPath = /bin/sh;
			shellScript = "\"${PODS_ROOT}/SwiftLint/swiftlint\"\n";
		};
/* End PBXShellScriptBuildPhase section */

/* Begin PBXSourcesBuildPhase section */
		E0EEDAF428B1E67200756FF8 /* Sources */ = {
			isa = PBXSourcesBuildPhase;
			buildActionMask = 2147483647;
			files = (
				E0DF4F6728B2698000D457E6 /* NetworkRepository.swift in Sources */,
				E0BD810828B7332F0018D047 /* SummaryLastGameView.swift in Sources */,
				E05164C128B7660000E5120D /* DetailTopButtons.swift in Sources */,
				E0DF4FA128B3A00200D457E6 /* PreviewMockData.swift in Sources */,
				E0DF4F7C28B29D0E00D457E6 /* SearchSummonerListView.swift in Sources */,
				E0D7A14C28B7814A00DA4229 /* PlayedWithView.swift in Sources */,
				E0DF4F6928B2699100D457E6 /* OpggRepository.swift in Sources */,
				E0DF4F7028B26EE900D457E6 /* Inject.swift in Sources */,
				E0BD810A28B7333D0018D047 /* SummaryLastGameViewModel.swift in Sources */,
				E05164C428B7660000E5120D /* LeagueStatsItemViewModel.swift in Sources */,
				E0DF4F6B28B2699900D457E6 /* OpggRepositoryImpl.swift in Sources */,
				E0DF4F7228B26EF700D457E6 /* Container.swift in Sources */,
				E0DF4F8828B36A8100D457E6 /* SummonerDetail.swift in Sources */,
				E0DF4FA328B3A90800D457E6 /* SummonerSearchViewModel.swift in Sources */,
				E0A2E88A28B5CF6E001F7D46 /* SearchSummonerListViewModel.swift in Sources */,
				E0BD810E28B744620018D047 /* GameSummary.swift in Sources */,
				E05164BE28B7660000E5120D /* DetailTopViewModel.swift in Sources */,
				E0DF4F5028B2401900D457E6 /* SummonerSearchView.swift in Sources */,
				E05164BA28B7660000E5120D /* PreviousSeasonsViewModel.swift in Sources */,
				E0A2E88C28B5E185001F7D46 /* NavigationLazyView.swift in Sources */,
				E0DF4F5F28B2677000D457E6 /* Response+Reactive.swift in Sources */,
				E0BD810028B725A90018D047 /* LocalizedStringKey+Extension.swift in Sources */,
				E0DF4F8428B3651900D457E6 /* DetailView.swift in Sources */,
				E0A2E89128B5F4EE001F7D46 /* NavigationConfigurator.swift in Sources */,
				E0A2E88828B595A0001F7D46 /* CustomNavigationView.swift in Sources */,
				E0DF4F8628B3659400D457E6 /* DetailViewModel.swift in Sources */,
				E0DF4F6328B2679C00D457E6 /* Log.swift in Sources */,
				E0A2E8A428B6FEE7001F7D46 /* String+Extension.swift in Sources */,
				E0DF4F5E28B2677000D457E6 /* BaseTarget.swift in Sources */,
				E0DF4F7E28B2A40600D457E6 /* View+Extension.swift in Sources */,
				E0DF4F9228B38BC900D457E6 /* Int+Extension.swift in Sources */,
				E05164D428B766A400E5120D /* MostChampionView.swift in Sources */,
				E0EEDAFE28B1E67200756FF8 /* MainView.swift in Sources */,
				E0A2E88028B4C13A001F7D46 /* TierImageData.swift in Sources */,
				E0BD810528B7327A0018D047 /* SummaryView.swift in Sources */,
				E0DF4FA628B3AE5000D457E6 /* SeasonData.swift in Sources */,
				E0DF4F6028B2677000D457E6 /* Response.swift in Sources */,
				E0DF4F6E28B26A0C00D457E6 /* SummonerSearch.swift in Sources */,
				E05164D528B766A400E5120D /* MostChampionViewModel.swift in Sources */,
				E0DF4F7A28B29BE600D457E6 /* SearchSummonerCellView.swift in Sources */,
				E0DF4F4528B1FBB700D457E6 /* Color+Extension.swift in Sources */,
				E05164C028B7660000E5120D /* SummonerInfoView.swift in Sources */,
				E0DF4F5228B2439E00D457E6 /* MainTopView.swift in Sources */,
				E05164C328B7660000E5120D /* LeagueStatsView.swift in Sources */,
				E0DF4F5D28B2677000D457E6 /* Provider.swift in Sources */,
				E0EEDAFC28B1E67200756FF8 /* OPGGCopyApp.swift in Sources */,
				E0DF4F9528B38D4F00D457E6 /* IntegrateTextView.swift in Sources */,
				E0DF4F7428B299D000D457E6 /* Result+Extension.swift in Sources */,
				E05164BF28B7660000E5120D /* DetailTopView.swift in Sources */,
				E0D7A14A28B7814300DA4229 /* PlayedWithViewModel.swift in Sources */,
				E0DF4F5C28B2677000D457E6 /* APIError.swift in Sources */,
				E0A2E88428B4CBED001F7D46 /* WinRate.swift in Sources */,
				E0BD810328B732730018D047 /* SummaryViewModel.swift in Sources */,
				E0DF4F4B28B1FEEE00D457E6 /* MainViewModel.swift in Sources */,
				E0DF4F5B28B2677000D457E6 /* OpggTarget.swift in Sources */,
				E05164C528B7660000E5120D /* LeagueStatsItemView.swift in Sources */,
				E05164BD28B7660000E5120D /* PreviousSeasonsItemView.swift in Sources */,
				E0DF4F7828B29BD900D457E6 /* SearchSummonerCellViewModel.swift in Sources */,
				E05164C228B7660000E5120D /* LeagueStatsViewModel.swift in Sources */,
				E05164BB28B7660000E5120D /* PreviousSeasonsView.swift in Sources */,
				E0BD810C28B73A4C0018D047 /* GameInfos.swift in Sources */,
				E0A2E89528B60839001F7D46 /* CustomNavBar.swift in Sources */,
				E05164D728B769B000E5120D /* ChampionData.swift in Sources */,
				E05164BC28B7660000E5120D /* PreviousSeasonsItemViewModel.swift in Sources */,
			);
			runOnlyForDeploymentPostprocessing = 0;
		};
/* End PBXSourcesBuildPhase section */

/* Begin PBXVariantGroup section */
		E0BD80F828B700F40018D047 /* Localizable.strings */ = {
			isa = PBXVariantGroup;
			children = (
				E0BD80F728B700F40018D047 /* en */,
				E0BD80F928B700F60018D047 /* ko */,
			);
			name = Localizable.strings;
			sourceTree = "<group>";
		};
/* End PBXVariantGroup section */

/* Begin XCBuildConfiguration section */
		E0EEDB0428B1E67300756FF8 /* Debug */ = {
			isa = XCBuildConfiguration;
			buildSettings = {
				ALWAYS_SEARCH_USER_PATHS = NO;
				CLANG_ANALYZER_NONNULL = YES;
				CLANG_ANALYZER_NUMBER_OBJECT_CONVERSION = YES_AGGRESSIVE;
				CLANG_CXX_LANGUAGE_STANDARD = "gnu++17";
				CLANG_ENABLE_MODULES = YES;
				CLANG_ENABLE_OBJC_ARC = YES;
				CLANG_ENABLE_OBJC_WEAK = YES;
				CLANG_WARN_BLOCK_CAPTURE_AUTORELEASING = YES;
				CLANG_WARN_BOOL_CONVERSION = YES;
				CLANG_WARN_COMMA = YES;
				CLANG_WARN_CONSTANT_CONVERSION = YES;
				CLANG_WARN_DEPRECATED_OBJC_IMPLEMENTATIONS = YES;
				CLANG_WARN_DIRECT_OBJC_ISA_USAGE = YES_ERROR;
				CLANG_WARN_DOCUMENTATION_COMMENTS = YES;
				CLANG_WARN_EMPTY_BODY = YES;
				CLANG_WARN_ENUM_CONVERSION = YES;
				CLANG_WARN_INFINITE_RECURSION = YES;
				CLANG_WARN_INT_CONVERSION = YES;
				CLANG_WARN_NON_LITERAL_NULL_CONVERSION = YES;
				CLANG_WARN_OBJC_IMPLICIT_RETAIN_SELF = YES;
				CLANG_WARN_OBJC_LITERAL_CONVERSION = YES;
				CLANG_WARN_OBJC_ROOT_CLASS = YES_ERROR;
				CLANG_WARN_QUOTED_INCLUDE_IN_FRAMEWORK_HEADER = YES;
				CLANG_WARN_RANGE_LOOP_ANALYSIS = YES;
				CLANG_WARN_STRICT_PROTOTYPES = YES;
				CLANG_WARN_SUSPICIOUS_MOVE = YES;
				CLANG_WARN_UNGUARDED_AVAILABILITY = YES_AGGRESSIVE;
				CLANG_WARN_UNREACHABLE_CODE = YES;
				CLANG_WARN__DUPLICATE_METHOD_MATCH = YES;
				COPY_PHASE_STRIP = NO;
				DEBUG_INFORMATION_FORMAT = dwarf;
				ENABLE_STRICT_OBJC_MSGSEND = YES;
				ENABLE_TESTABILITY = YES;
				GCC_C_LANGUAGE_STANDARD = gnu11;
				GCC_DYNAMIC_NO_PIC = NO;
				GCC_NO_COMMON_BLOCKS = YES;
				GCC_OPTIMIZATION_LEVEL = 0;
				GCC_PREPROCESSOR_DEFINITIONS = (
					"DEBUG=1",
					"$(inherited)",
				);
				GCC_WARN_64_TO_32_BIT_CONVERSION = YES;
				GCC_WARN_ABOUT_RETURN_TYPE = YES_ERROR;
				GCC_WARN_UNDECLARED_SELECTOR = YES;
				GCC_WARN_UNINITIALIZED_AUTOS = YES_AGGRESSIVE;
				GCC_WARN_UNUSED_FUNCTION = YES;
				GCC_WARN_UNUSED_VARIABLE = YES;
				IPHONEOS_DEPLOYMENT_TARGET = 15.0;
				MTL_ENABLE_DEBUG_INFO = INCLUDE_SOURCE;
				MTL_FAST_MATH = YES;
				ONLY_ACTIVE_ARCH = YES;
				SDKROOT = iphoneos;
				SWIFT_ACTIVE_COMPILATION_CONDITIONS = DEBUG;
				SWIFT_OPTIMIZATION_LEVEL = "-Onone";
			};
			name = Debug;
		};
		E0EEDB0528B1E67300756FF8 /* Release */ = {
			isa = XCBuildConfiguration;
			buildSettings = {
				ALWAYS_SEARCH_USER_PATHS = NO;
				CLANG_ANALYZER_NONNULL = YES;
				CLANG_ANALYZER_NUMBER_OBJECT_CONVERSION = YES_AGGRESSIVE;
				CLANG_CXX_LANGUAGE_STANDARD = "gnu++17";
				CLANG_ENABLE_MODULES = YES;
				CLANG_ENABLE_OBJC_ARC = YES;
				CLANG_ENABLE_OBJC_WEAK = YES;
				CLANG_WARN_BLOCK_CAPTURE_AUTORELEASING = YES;
				CLANG_WARN_BOOL_CONVERSION = YES;
				CLANG_WARN_COMMA = YES;
				CLANG_WARN_CONSTANT_CONVERSION = YES;
				CLANG_WARN_DEPRECATED_OBJC_IMPLEMENTATIONS = YES;
				CLANG_WARN_DIRECT_OBJC_ISA_USAGE = YES_ERROR;
				CLANG_WARN_DOCUMENTATION_COMMENTS = YES;
				CLANG_WARN_EMPTY_BODY = YES;
				CLANG_WARN_ENUM_CONVERSION = YES;
				CLANG_WARN_INFINITE_RECURSION = YES;
				CLANG_WARN_INT_CONVERSION = YES;
				CLANG_WARN_NON_LITERAL_NULL_CONVERSION = YES;
				CLANG_WARN_OBJC_IMPLICIT_RETAIN_SELF = YES;
				CLANG_WARN_OBJC_LITERAL_CONVERSION = YES;
				CLANG_WARN_OBJC_ROOT_CLASS = YES_ERROR;
				CLANG_WARN_QUOTED_INCLUDE_IN_FRAMEWORK_HEADER = YES;
				CLANG_WARN_RANGE_LOOP_ANALYSIS = YES;
				CLANG_WARN_STRICT_PROTOTYPES = YES;
				CLANG_WARN_SUSPICIOUS_MOVE = YES;
				CLANG_WARN_UNGUARDED_AVAILABILITY = YES_AGGRESSIVE;
				CLANG_WARN_UNREACHABLE_CODE = YES;
				CLANG_WARN__DUPLICATE_METHOD_MATCH = YES;
				COPY_PHASE_STRIP = NO;
				DEBUG_INFORMATION_FORMAT = "dwarf-with-dsym";
				ENABLE_NS_ASSERTIONS = NO;
				ENABLE_STRICT_OBJC_MSGSEND = YES;
				GCC_C_LANGUAGE_STANDARD = gnu11;
				GCC_NO_COMMON_BLOCKS = YES;
				GCC_WARN_64_TO_32_BIT_CONVERSION = YES;
				GCC_WARN_ABOUT_RETURN_TYPE = YES_ERROR;
				GCC_WARN_UNDECLARED_SELECTOR = YES;
				GCC_WARN_UNINITIALIZED_AUTOS = YES_AGGRESSIVE;
				GCC_WARN_UNUSED_FUNCTION = YES;
				GCC_WARN_UNUSED_VARIABLE = YES;
				IPHONEOS_DEPLOYMENT_TARGET = 15.0;
				MTL_ENABLE_DEBUG_INFO = NO;
				MTL_FAST_MATH = YES;
				SDKROOT = iphoneos;
				SWIFT_COMPILATION_MODE = wholemodule;
				SWIFT_OPTIMIZATION_LEVEL = "-O";
				VALIDATE_PRODUCT = YES;
			};
			name = Release;
		};
		E0EEDB0728B1E67300756FF8 /* Debug */ = {
			isa = XCBuildConfiguration;
			baseConfigurationReference = E9A4EB1821F8EEA806F7E12E /* Pods-OPGGCopy.debug.xcconfig */;
			buildSettings = {
				ASSETCATALOG_COMPILER_APPICON_NAME = AppIcon;
				ASSETCATALOG_COMPILER_GLOBAL_ACCENT_COLOR_NAME = AccentColor;
				CODE_SIGN_STYLE = Automatic;
				CURRENT_PROJECT_VERSION = 1;
				DEVELOPMENT_ASSET_PATHS = "\"OPGGCopy/Preview Content\"";
				DEVELOPMENT_TEAM = 4JAAT559ZA;
				ENABLE_PREVIEWS = YES;
				GENERATE_INFOPLIST_FILE = YES;
				INFOPLIST_KEY_UIApplicationSceneManifest_Generation = YES;
				INFOPLIST_KEY_UIApplicationSupportsIndirectInputEvents = YES;
				INFOPLIST_KEY_UILaunchScreen_Generation = YES;
				INFOPLIST_KEY_UISupportedInterfaceOrientations = UIInterfaceOrientationPortrait;
				INFOPLIST_KEY_UISupportedInterfaceOrientations_iPad = "UIInterfaceOrientationPortrait UIInterfaceOrientationPortraitUpsideDown UIInterfaceOrientationLandscapeLeft UIInterfaceOrientationLandscapeRight";
				INFOPLIST_KEY_UISupportedInterfaceOrientations_iPhone = "UIInterfaceOrientationPortrait UIInterfaceOrientationLandscapeLeft UIInterfaceOrientationLandscapeRight";
				LD_RUNPATH_SEARCH_PATHS = (
					"$(inherited)",
					"@executable_path/Frameworks",
				);
				MARKETING_VERSION = 1.0;
				PRODUCT_BUNDLE_IDENTIFIER = com.shingha.OPGGCopy;
				PRODUCT_NAME = "$(TARGET_NAME)";
				SWIFT_EMIT_LOC_STRINGS = YES;
				SWIFT_VERSION = 5.0;
				TARGETED_DEVICE_FAMILY = 1;
			};
			name = Debug;
		};
		E0EEDB0828B1E67300756FF8 /* Release */ = {
			isa = XCBuildConfiguration;
			baseConfigurationReference = 3F606BA783C881EFB3B4AFA0 /* Pods-OPGGCopy.release.xcconfig */;
			buildSettings = {
				ASSETCATALOG_COMPILER_APPICON_NAME = AppIcon;
				ASSETCATALOG_COMPILER_GLOBAL_ACCENT_COLOR_NAME = AccentColor;
				CODE_SIGN_STYLE = Automatic;
				CURRENT_PROJECT_VERSION = 1;
				DEVELOPMENT_ASSET_PATHS = "\"OPGGCopy/Preview Content\"";
				DEVELOPMENT_TEAM = 4JAAT559ZA;
				ENABLE_PREVIEWS = YES;
				GENERATE_INFOPLIST_FILE = YES;
				INFOPLIST_KEY_UIApplicationSceneManifest_Generation = YES;
				INFOPLIST_KEY_UIApplicationSupportsIndirectInputEvents = YES;
				INFOPLIST_KEY_UILaunchScreen_Generation = YES;
				INFOPLIST_KEY_UISupportedInterfaceOrientations = UIInterfaceOrientationPortrait;
				INFOPLIST_KEY_UISupportedInterfaceOrientations_iPad = "UIInterfaceOrientationPortrait UIInterfaceOrientationPortraitUpsideDown UIInterfaceOrientationLandscapeLeft UIInterfaceOrientationLandscapeRight";
				INFOPLIST_KEY_UISupportedInterfaceOrientations_iPhone = "UIInterfaceOrientationPortrait UIInterfaceOrientationLandscapeLeft UIInterfaceOrientationLandscapeRight";
				LD_RUNPATH_SEARCH_PATHS = (
					"$(inherited)",
					"@executable_path/Frameworks",
				);
				MARKETING_VERSION = 1.0;
				PRODUCT_BUNDLE_IDENTIFIER = com.shingha.OPGGCopy;
				PRODUCT_NAME = "$(TARGET_NAME)";
				SWIFT_EMIT_LOC_STRINGS = YES;
				SWIFT_VERSION = 5.0;
				TARGETED_DEVICE_FAMILY = 1;
			};
			name = Release;
		};
/* End XCBuildConfiguration section */

/* Begin XCConfigurationList section */
		E0EEDAF328B1E67200756FF8 /* Build configuration list for PBXProject "OPGGCopy" */ = {
			isa = XCConfigurationList;
			buildConfigurations = (
				E0EEDB0428B1E67300756FF8 /* Debug */,
				E0EEDB0528B1E67300756FF8 /* Release */,
			);
			defaultConfigurationIsVisible = 0;
			defaultConfigurationName = Release;
		};
		E0EEDB0628B1E67300756FF8 /* Build configuration list for PBXNativeTarget "OPGGCopy" */ = {
			isa = XCConfigurationList;
			buildConfigurations = (
				E0EEDB0728B1E67300756FF8 /* Debug */,
				E0EEDB0828B1E67300756FF8 /* Release */,
			);
			defaultConfigurationIsVisible = 0;
			defaultConfigurationName = Release;
		};
/* End XCConfigurationList section */
	};
	rootObject = E0EEDAF028B1E67200756FF8 /* Project object */;
}
